
Microsoft Visual Studio Solution File, Format Version 12.00
# Visual Studio Version 16
VisualStudioVersion = 16.0.32602.291
MinimumVisualStudioVersion = 10.0.40219.1
Project("{FAE04EC0-301F-11D3-BF4B-00C04F79EFBC}") = "Chapter2", "Chapter2\Chapter2.csproj", "{95C25EA9-351E-4A69-82C4-E6E4189AEAD1}"
EndProject
Global
	GlobalSection(SolutionConfigurationPlatforms) = preSolution
		Debug|Any CPU = Debug|Any CPU
		Release|Any CPU = Release|Any CPU
	EndGlobalSection
	GlobalSection(ProjectConfigurationPlatforms) = postSolution
		{95C25EA9-351E-4A69-82C4-E6E4189AEAD1}.Debug|Any CPU.ActiveCfg = Debug|Any CPU
		{95C25EA9-351E-4A69-82C4-E6E4189AEAD1}.Debug|Any CPU.Build.0 = Debug|Any CPU
		{95C25EA9-351E-4A69-82C4-E6E4189AEAD1}.Release|Any CPU.ActiveCfg = Release|Any CPU
		{95C25EA9-351E-4A69-82C4-E6E4189AEAD1}.Release|Any CPU.Build.0 = Release|Any CPU
	EndGlobalSection
	GlobalSection(SolutionProperties) = preSolution
		HideSolutionNode = FALSE
	EndGlobalSection
	GlobalSection(ExtensibilityGlobals) = postSolution
		SolutionGuid = {8AA3FE5E-C075-4319-81DC-F9F417E02098}
	EndGlobalSection
EndGlobal
